
Microsoft Visual Studio Solution File, Format Version 12.00
# Visual Studio 15
VisualStudioVersion = 15.0.28307.572
MinimumVisualStudioVersion = 10.0.40219.1
Project("{8BC9CEB8-8B4A-11D0-8D11-00A0C91BC942}") = "ALGraphDFS", "ALGraphDFS.vcxproj", "{2727F6C8-57DF-4EF1-B42B-A51545D6B09F}"
EndProject
Global
	GlobalSection(SolutionConfigurationPlatforms) = preSolution
		Debug|x64 = Debug|x64
		Debug|x86 = Debug|x86
		Release|x64 = Release|x64
		Release|x86 = Release|x86
	EndGlobalSection
	GlobalSection(ProjectConfigurationPlatforms) = postSolution
		{2727F6C8-57DF-4EF1-B42B-A51545D6B09F}.Debug|x64.ActiveCfg = Debug|x64
		{2727F6C8-57DF-4EF1-B42B-A51545D6B09F}.Debug|x64.Build.0 = Debug|x64
		{2727F6C8-57DF-4EF1-B42B-A51545D6B09F}.Debug|x86.ActiveCfg = Debug|Win32
		{2727F6C8-57DF-4EF1-B42B-A51545D6B09F}.Debug|x86.Build.0 = Debug|Win32
		{2727F6C8-57DF-4EF1-B42B-A51545D6B09F}.Release|x64.ActiveCfg = Release|x64
		{2727F6C8-57DF-4EF1-B42B-A51545D6B09F}.Release|x64.Build.0 = Release|x64
		{2727F6C8-57DF-4EF1-B42B-A51545D6B09F}.Release|x86.ActiveCfg = Release|Win32
		{2727F6C8-57DF-4EF1-B42B-A51545D6B09F}.Release|x86.Build.0 = Release|Win32
	EndGlobalSection
	GlobalSection(SolutionProperties) = preSolution
		HideSolutionNode = FALSE
	EndGlobalSection
	GlobalSection(ExtensibilityGlobals) = postSolution
		SolutionGuid = {BB366846-354D-4042-88E2-62C2D3466146}
	EndGlobalSection
EndGlobal
