
Microsoft Visual Studio Solution File, Format Version 12.00
# Visual Studio 15
VisualStudioVersion = 15.0.28307.572
MinimumVisualStudioVersion = 10.0.40219.1
Project("{8BC9CEB8-8B4A-11D0-8D11-00A0C91BC942}") = "Deque", "Deque.vcxproj", "{341F8755-4D27-4F5F-996C-8B9DF41119FC}"
EndProject
Global
	GlobalSection(SolutionConfigurationPlatforms) = preSolution
		Debug|x64 = Debug|x64
		Debug|x86 = Debug|x86
		Release|x64 = Release|x64
		Release|x86 = Release|x86
	EndGlobalSection
	GlobalSection(ProjectConfigurationPlatforms) = postSolution
		{341F8755-4D27-4F5F-996C-8B9DF41119FC}.Debug|x64.ActiveCfg = Debug|x64
		{341F8755-4D27-4F5F-996C-8B9DF41119FC}.Debug|x64.Build.0 = Debug|x64
		{341F8755-4D27-4F5F-996C-8B9DF41119FC}.Debug|x86.ActiveCfg = Debug|Win32
		{341F8755-4D27-4F5F-996C-8B9DF41119FC}.Debug|x86.Build.0 = Debug|Win32
		{341F8755-4D27-4F5F-996C-8B9DF41119FC}.Release|x64.ActiveCfg = Release|x64
		{341F8755-4D27-4F5F-996C-8B9DF41119FC}.Release|x64.Build.0 = Release|x64
		{341F8755-4D27-4F5F-996C-8B9DF41119FC}.Release|x86.ActiveCfg = Release|Win32
		{341F8755-4D27-4F5F-996C-8B9DF41119FC}.Release|x86.Build.0 = Release|Win32
	EndGlobalSection
	GlobalSection(SolutionProperties) = preSolution
		HideSolutionNode = FALSE
	EndGlobalSection
	GlobalSection(ExtensibilityGlobals) = postSolution
		SolutionGuid = {528EB8BF-C197-47A2-A49B-0D8DDC3AAFE1}
	EndGlobalSection
EndGlobal
