
Microsoft Visual Studio Solution File, Format Version 12.00
# Visual Studio 15
VisualStudioVersion = 15.0.28307.902
MinimumVisualStudioVersion = 10.0.40219.1
Project("{FAE04EC0-301F-11D3-BF4B-00C04F79EFBC}") = "비트플래그", "비트플래그\비트플래그.csproj", "{6811EE76-7686-41AD-9FEB-CC43ABF20CE6}"
EndProject
Global
	GlobalSection(SolutionConfigurationPlatforms) = preSolution
		Debug|Any CPU = Debug|Any CPU
		Release|Any CPU = Release|Any CPU
	EndGlobalSection
	GlobalSection(ProjectConfigurationPlatforms) = postSolution
		{6811EE76-7686-41AD-9FEB-CC43ABF20CE6}.Debug|Any CPU.ActiveCfg = Debug|Any CPU
		{6811EE76-7686-41AD-9FEB-CC43ABF20CE6}.Debug|Any CPU.Build.0 = Debug|Any CPU
		{6811EE76-7686-41AD-9FEB-CC43ABF20CE6}.Release|Any CPU.ActiveCfg = Release|Any CPU
		{6811EE76-7686-41AD-9FEB-CC43ABF20CE6}.Release|Any CPU.Build.0 = Release|Any CPU
	EndGlobalSection
	GlobalSection(SolutionProperties) = preSolution
		HideSolutionNode = FALSE
	EndGlobalSection
	GlobalSection(ExtensibilityGlobals) = postSolution
		SolutionGuid = {8607CA58-0949-41BF-A2CC-6634EED862D7}
	EndGlobalSection
EndGlobal
