<?xml version="1.0" encoding="utf-8"?>
<Project ToolsVersion="4.0" xmlns="http://schemas.microsoft.com/developer/msbuild/2003">
  <ItemGroup>
    <Filter Include="소스 파일">
      <UniqueIdentifier>{4FC737F1-C7A5-4376-A066-2A32D752A2FF}</UniqueIdentifier>
      <Extensions>cpp;c;cc;cxx;def;odl;idl;hpj;bat;asm;asmx</Extensions>
    </Filter>
    <Filter Include="헤더 파일">
      <UniqueIdentifier>{93995380-89BD-4b04-88EB-625FBE52EBFB}</UniqueIdentifier>
      <Extensions>h;hh;hpp;hxx;hm;inl;inc;ipp;xsd</Extensions>
    </Filter>
    <Filter Include="리소스 파일">
      <UniqueIdentifier>{67DA6AB6-F800-4c08-8B7A-83BB121AAD01}</UniqueIdentifier>
      <Extensions>rc;ico;cur;bmp;dlg;rc2;rct;bin;rgs;gif;jpg;jpeg;jpe;resx;tiff;tif;png;wav;mfcribbon-ms</Extensions>
    </Filter>
    <Filter Include="Circus">
      <UniqueIdentifier>{52ebbd28-05da-4f19-8718-fa319939179b}</UniqueIdentifier>
    </Filter>
    <Filter Include="UI">
      <UniqueIdentifier>{9a1c886e-38f3-4e04-b0ae-93524d0ea36f}</UniqueIdentifier>
    </Filter>
  </ItemGroup>
  <ItemGroup>
    <ClCompile Include="main.cpp">
      <Filter>소스 파일</Filter>
    </ClCompile>
    <ClCompile Include="BitmapManager.cpp">
      <Filter>소스 파일</Filter>
    </ClCompile>
    <ClCompile Include="Bitmap.cpp">
      <Filter>소스 파일</Filter>
    </ClCompile>
    <ClCompile Include="GameManager.cpp">
      <Filter>소스 파일</Filter>
    </ClCompile>
    <ClCompile Include="Background.cpp">
      <Filter>Circus</Filter>
    </ClCompile>
    <ClCompile Include="Player.cpp">
      <Filter>Circus</Filter>
    </ClCompile>
    <ClCompile Include="Jar.cpp">
      <Filter>Circus</Filter>
    </ClCompile>
    <ClCompile Include="Goal.cpp">
      <Filter>Circus</Filter>
    </ClCompile>
    <ClCompile Include="FireCircle.cpp">
      <Filter>Circus</Filter>
    </ClCompile>
    <ClCompile Include="CircusObject.cpp">
      <Filter>Circus</Filter>
    </ClCompile>
    <ClCompile Include="IntroUI.cpp">
      <Filter>UI</Filter>
    </ClCompile>
    <ClCompile Include="Meter.cpp">
      <Filter>Circus</Filter>
    </ClCompile>
    <ClCompile Include="NumberBitmap.cpp">
      <Filter>UI</Filter>
    </ClCompile>
    <ClCompile Include="ScoreUI.cpp">
      <Filter>UI</Filter>
    </ClCompile>
  </ItemGroup>
  <ItemGroup>
    <ClInclude Include="Bitmap.h">
      <Filter>헤더 파일</Filter>
    </ClInclude>
    <ClInclude Include="BitmapManager.h">
      <Filter>헤더 파일</Filter>
    </ClInclude>
    <ClInclude Include="Singleton.h">
      <Filter>헤더 파일</Filter>
    </ClInclude>
    <ClInclude Include="GameManager.h">
      <Filter>헤더 파일</Filter>
    </ClInclude>
    <ClInclude Include="GameDefine.h">
      <Filter>헤더 파일</Filter>
    </ClInclude>
    <ClInclude Include="Background.h">
      <Filter>Circus</Filter>
    </ClInclude>
    <ClInclude Include="GlobalFunctions.h">
      <Filter>헤더 파일</Filter>
    </ClInclude>
    <ClInclude Include="Player.h">
      <Filter>Circus</Filter>
    </ClInclude>
    <ClInclude Include="Jar.h">
      <Filter>Circus</Filter>
    </ClInclude>
    <ClInclude Include="FireCircle.h">
      <Filter>Circus</Filter>
    </ClInclude>
    <ClInclude Include="Goal.h">
      <Filter>Circus</Filter>
    </ClInclude>
    <ClInclude Include="CircusObject.h">
      <Filter>Circus</Filter>
    </ClInclude>
    <ClInclude Include="IntroUI.h">
      <Filter>UI</Filter>
    </ClInclude>
    <ClInclude Include="Meter.h">
      <Filter>Circus</Filter>
    </ClInclude>
    <ClInclude Include="ScoreUI.h">
      <Filter>UI</Filter>
    </ClInclude>
    <ClInclude Include="NumberBitmap.h">
      <Filter>UI</Filter>
    </ClInclude>
  </ItemGroup>
</Project>