
Microsoft Visual Studio Solution File, Format Version 12.00
# Visual Studio 15
VisualStudioVersion = 15.0.28307.902
MinimumVisualStudioVersion = 10.0.40219.1
Project("{FAE04EC0-301F-11D3-BF4B-00C04F79EFBC}") = "ShiftOperator", "ShiftOperator\ShiftOperator.csproj", "{7ACC6946-6293-4C4B-8E4B-7E30D362925D}"
EndProject
Global
	GlobalSection(SolutionConfigurationPlatforms) = preSolution
		Debug|Any CPU = Debug|Any CPU
		Release|Any CPU = Release|Any CPU
	EndGlobalSection
	GlobalSection(ProjectConfigurationPlatforms) = postSolution
		{7ACC6946-6293-4C4B-8E4B-7E30D362925D}.Debug|Any CPU.ActiveCfg = Debug|Any CPU
		{7ACC6946-6293-4C4B-8E4B-7E30D362925D}.Debug|Any CPU.Build.0 = Debug|Any CPU
		{7ACC6946-6293-4C4B-8E4B-7E30D362925D}.Release|Any CPU.ActiveCfg = Release|Any CPU
		{7ACC6946-6293-4C4B-8E4B-7E30D362925D}.Release|Any CPU.Build.0 = Release|Any CPU
	EndGlobalSection
	GlobalSection(SolutionProperties) = preSolution
		HideSolutionNode = FALSE
	EndGlobalSection
	GlobalSection(ExtensibilityGlobals) = postSolution
		SolutionGuid = {2208018B-0FE8-4A9F-ACF1-187DBC2E4A95}
	EndGlobalSection
EndGlobal
